// !$*UTF8*$!
{
	archiveVersion = 1;
	classes = {
	};
	objectVersion = 77;
	objects = {

/* Begin PBXContainerItemProxy section */
		2736CED32EE62B9000B518D0 /* PBXContainerItemProxy */ = {
			isa = PBXContainerItemProxy;
			containerPortal = 2736CEBC2EE62B8E00B518D0 /* Project object */;
			proxyType = 1;
			remoteGlobalIDString = 2736CEC32EE62B8E00B518D0;
			remoteInfo = IncomeBudgeter;
		};
		2736CEDD2EE62B9000B518D0 /* PBXContainerItemProxy */ = {
			isa = PBXContainerItemProxy;
			containerPortal = 2736CEBC2EE62B8E00B518D0 /* Project object */;
			proxyType = 1;
			remoteGlobalIDString = 2736CEC32EE62B8E00B518D0;
			remoteInfo = IncomeBudgeter;
		};
/* End PBXContainerItemProxy section */

/* Begin PBXFileReference section */
		2736CEC42EE62B8E00B518D0 /* IncomeBudgeter.app */ = {isa = PBXFileReference; explicitFileType = wrapper.application; includeInIndex = 0; path = IncomeBudgeter.app; sourceTree = BUILT_PRODUCTS_DIR; };
		2736CED22EE62B9000B518D0 /* IncomeBudgeterTests.xctest */ = {isa = PBXFileReference; explicitFileType = wrapper.cfbundle; includeInIndex = 0; path = IncomeBudgeterTests.xctest; sourceTree = BUILT_PRODUCTS_DIR; };
		2736CEDC2EE62B9000B518D0 /* IncomeBudgeterUITests.xctest */ = {isa = PBXFileReference; explicitFileType = wrapper.cfbundle; includeInIndex = 0; path = IncomeBudgeterUITests.xctest; sourceTree = BUILT_PRODUCTS_DIR; };
		278C86952EE7BA200079007B /* IncomeBudgeterTestPlan.xctestplan */ = {isa = PBXFileReference; lastKnownFileType = text; path = IncomeBudgeterTestPlan.xctestplan; sourceTree = "<group>"; };
/* End PBXFileReference section */

/* Begin PBXFileSystemSynchronizedRootGroup section */
		2736CEC62EE62B8E00B518D0 /* IncomeBudgeter */ = {
			isa = PBXFileSystemSynchronizedRootGroup;
			path = IncomeBudgeter;
			sourceTree = "<group>";
		};
		2736CED52EE62B9000B518D0 /* IncomeBudgeterTests */ = {
			isa = PBXFileSystemSynchronizedRootGroup;
			path = IncomeBudgeterTests;
			sourceTree = "<group>";
		};
		2736CEDF2EE62B9000B518D0 /* IncomeBudgeterUITests */ = {
			isa = PBXFileSystemSynchronizedRootGroup;
			path = IncomeBudgeterUITests;
			sourceTree = "<group>";
		};
/* End PBXFileSystemSynchronizedRootGroup section */

/* Begin PBXFrameworksBuildPhase section */
		2736CEC12EE62B8E00B518D0 /* Frameworks */ = {
			isa = PBXFrameworksBuildPhase;
			buildActionMask = 2147483647;
			files = (
			);
			runOnlyForDeploymentPostprocessing = 0;
		};
		2736CECF2EE62B9000B518D0 /* Frameworks */ = {
			isa = PBXFrameworksBuildPhase;
			buildActionMask = 2147483647;
			files = (
			);
			runOnlyForDeploymentPostprocessing = 0;
		};
		2736CED92EE62B9000B518D0 /* Frameworks */ = {
			isa = PBXFrameworksBuildPhase;
			buildActionMask = 2147483647;
			files = (
			);
			runOnlyForDeploymentPostprocessing = 0;
		};
/* End PBXFrameworksBuildPhase section */

/* Begin PBXGroup section */
		2736CEBB2EE62B8E00B518D0 = {
			isa = PBXGroup;
			children = (
				278C86952EE7BA200079007B /* IncomeBudgeterTestPlan.xctestplan */,
				2736CEC62EE62B8E00B518D0 /* IncomeBudgeter */,
				2736CED52EE62B9000B518D0 /* IncomeBudgeterTests */,
				2736CEDF2EE62B9000B518D0 /* IncomeBudgeterUITests */,
				2736CEC52EE62B8E00B518D0 /* Products */,
			);
			sourceTree = "<group>";
		};
		2736CEC52EE62B8E00B518D0 /* Products */ = {
			isa = PBXGroup;
			children = (
				2736CEC42EE62B8E00B518D0 /* IncomeBudgeter.app */,
				2736CED22EE62B9000B518D0 /* IncomeBudgeterTests.xctest */,
				2736CEDC2EE62B9000B518D0 /* IncomeBudgeterUITests.xctest */,
			);
			name = Products;
			sourceTree = "<group>";
		};
/* End PBXGroup section */

/* Begin PBXNativeTarget section */
		2736CEC32EE62B8E00B518D0 /* IncomeBudgeter */ = {
			isa = PBXNativeTarget;
			buildConfigurationList = 2736CEE62EE62B9000B518D0 /* Build configuration list for PBXNativeTarget "IncomeBudgeter" */;
			buildPhases = (
				2736CEC02EE62B8E00B518D0 /* Sources */,
				2736CEC12EE62B8E00B518D0 /* Frameworks */,
				2736CEC22EE62B8E00B518D0 /* Resources */,
			);
			buildRules = (
			);
			dependencies = (
			);
			fileSystemSynchronizedGroups = (
				2736CEC62EE62B8E00B518D0 /* IncomeBudgeter */,
			);
			name = IncomeBudgeter;
			packageProductDependencies = (
			);
			productName = IncomeBudgeter;
			productReference = 2736CEC42EE62B8E00B518D0 /* IncomeBudgeter.app */;
			productType = "com.apple.product-type.application";
		};
		2736CED12EE62B9000B518D0 /* IncomeBudgeterTests */ = {
			isa = PBXNativeTarget;
			buildConfigurationList = 2736CEE92EE62B9000B518D0 /* Build configuration list for PBXNativeTarget "IncomeBudgeterTests" */;
			buildPhases = (
				2736CECE2EE62B9000B518D0 /* Sources */,
				2736CECF2EE62B9000B518D0 /* Frameworks */,
				2736CED02EE62B9000B518D0 /* Resources */,
			);
			buildRules = (
			);
			dependencies = (
				2736CED42EE62B9000B518D0 /* PBXTargetDependency */,
			);
			fileSystemSynchronizedGroups = (
				2736CED52EE62B9000B518D0 /* IncomeBudgeterTests */,
			);
			name = IncomeBudgeterTests;
			packageProductDependencies = (
			);
			productName = IncomeBudgeterTests;
			productReference = 2736CED22EE62B9000B518D0 /* IncomeBudgeterTests.xctest */;
			productType = "com.apple.product-type.bundle.unit-test";
		};
		2736CEDB2EE62B9000B518D0 /* IncomeBudgeterUITests */ = {
			isa = PBXNativeTarget;
			buildConfigurationList = 2736CEEC2EE62B9000B518D0 /* Build configuration list for PBXNativeTarget "IncomeBudgeterUITests" */;
			buildPhases = (
				2736CED82EE62B9000B518D0 /* Sources */,
				2736CED92EE62B9000B518D0 /* Frameworks */,
				2736CEDA2EE62B9000B518D0 /* Resources */,
			);
			buildRules = (
			);
			dependencies = (
				2736CEDE2EE62B9000B518D0 /* PBXTargetDependency */,
			);
			fileSystemSynchronizedGroups = (
				2736CEDF2EE62B9000B518D0 /* IncomeBudgeterUITests */,
			);
			name = IncomeBudgeterUITests;
			packageProductDependencies = (
			);
			productName = IncomeBudgeterUITests;
			productReference = 2736CEDC2EE62B9000B518D0 /* IncomeBudgeterUITests.xctest */;
			productType = "com.apple.product-type.bundle.ui-testing";
		};
/* End PBXNativeTarget section */

/* Begin PBXProject section */
		2736CEBC2EE62B8E00B518D0 /* Project object */ = {
			isa = PBXProject;
			attributes = {
				BuildIndependentTargetsInParallel = 1;
				LastSwiftUpdateCheck = 1640;
				LastUpgradeCheck = 1640;
				TargetAttributes = {
					2736CEC32EE62B8E00B518D0 = {
						CreatedOnToolsVersion = 16.4;
					};
					2736CED12EE62B9000B518D0 = {
						CreatedOnToolsVersion = 16.4;
						TestTargetID = 2736CEC32EE62B8E00B518D0;
					};
					2736CEDB2EE62B9000B518D0 = {
						CreatedOnToolsVersion = 16.4;
						TestTargetID = 2736CEC32EE62B8E00B518D0;
					};
				};
			};
			buildConfigurationList = 2736CEBF2EE62B8E00B518D0 /* Build configuration list for PBXProject "IncomeBudgeter" */;
			developmentRegion = en;
			hasScannedForEncodings = 0;
			knownRegions = (
				en,
				Base,
			);
			mainGroup = 2736CEBB2EE62B8E00B518D0;
			minimizedProjectReferenceProxies = 1;
			preferredProjectObjectVersion = 77;
			productRefGroup = 2736CEC52EE62B8E00B518D0 /* Products */;
			projectDirPath = "";
			projectRoot = "";
			targets = (
				2736CEC32EE62B8E00B518D0 /* IncomeBudgeter */,
				2736CED12EE62B9000B518D0 /* IncomeBudgeterTests */,
				2736CEDB2EE62B9000B518D0 /* IncomeBudgeterUITests */,
			);
		};
/* End PBXProject section */

/* Begin PBXResourcesBuildPhase section */
		2736CEC22EE62B8E00B518D0 /* Resources */ = {
			isa = PBXResourcesBuildPhase;
			buildActionMask = 2147483647;
			files = (
			);
			runOnlyForDeploymentPostprocessing = 0;
		};
		2736CED02EE62B9000B518D0 /* Resources */ = {
			isa = PBXResourcesBuildPhase;
			buildActionMask = 2147483647;
			files = (
			);
			runOnlyForDeploymentPostprocessing = 0;
		};
		2736CEDA2EE62B9000B518D0 /* Resources */ = {
			isa = PBXResourcesBuildPhase;
			buildActionMask = 2147483647;
			files = (
			);
			runOnlyForDeploymentPostprocessing = 0;
		};
/* End PBXResourcesBuildPhase section */

/* Begin PBXSourcesBuildPhase section */
		2736CEC02EE62B8E00B518D0 /* Sources */ = {
			isa = PBXSourcesBuildPhase;
			buildActionMask = 2147483647;
			files = (
			);
			runOnlyForDeploymentPostprocessing = 0;
		};
		2736CECE2EE62B9000B518D0 /* Sources */ = {
			isa = PBXSourcesBuildPhase;
			buildActionMask = 2147483647;
			files = (
			);
			runOnlyForDeploymentPostprocessing = 0;
		};
		2736CED82EE62B9000B518D0 /* Sources */ = {
			isa = PBXSourcesBuildPhase;
			buildActionMask = 2147483647;
			files = (
			);
			runOnlyForDeploymentPostprocessing = 0;
		};
/* End PBXSourcesBuildPhase section */

/* Begin PBXTargetDependency section */
		2736CED42EE62B9000B518D0 /* PBXTargetDependency */ = {
			isa = PBXTargetDependency;
			target = 2736CEC32EE62B8E00B518D0 /* IncomeBudgeter */;
			targetProxy = 2736CED32EE62B9000B518D0 /* PBXContainerItemProxy */;
		};
		2736CEDE2EE62B9000B518D0 /* PBXTargetDependency */ = {
			isa = PBXTargetDependency;
			target = 2736CEC32EE62B8E00B518D0 /* IncomeBudgeter */;
			targetProxy = 2736CEDD2EE62B9000B518D0 /* PBXContainerItemProxy */;
		};
/* End PBXTargetDependency section */

/* Begin XCBuildConfiguration section */
		2736CEE42EE62B9000B518D0 /* Debug */ = {
			isa = XCBuildConfiguration;
			buildSettings = {
				ALWAYS_SEARCH_USER_PATHS = NO;
				ASSETCATALOG_COMPILER_GENERATE_SWIFT_ASSET_SYMBOL_EXTENSIONS = YES;
				CLANG_ANALYZER_NONNULL = YES;
				CLANG_ANALYZER_NUMBER_OBJECT_CONVERSION = YES_AGGRESSIVE;
				CLANG_CXX_LANGUAGE_STANDARD = "gnu++20";
				CLANG_ENABLE_MODULES = YES;
				CLANG_ENABLE_OBJC_ARC = YES;
				CLANG_ENABLE_OBJC_WEAK = YES;
				CLANG_WARN_BLOCK_CAPTURE_AUTORELEASING = YES;
				CLANG_WARN_BOOL_CONVERSION = YES;
				CLANG_WARN_COMMA = YES;
				CLANG_WARN_CONSTANT_CONVERSION = YES;
				CLANG_WARN_DEPRECATED_OBJC_IMPLEMENTATIONS = YES;
				CLANG_WARN_DIRECT_OBJC_ISA_USAGE = YES_ERROR;
				CLANG_WARN_DOCUMENTATION_COMMENTS = YES;
				CLANG_WARN_EMPTY_BODY = YES;
				CLANG_WARN_ENUM_CONVERSION = YES;
				CLANG_WARN_INFINITE_RECURSION = YES;
				CLANG_WARN_INT_CONVERSION = YES;
				CLANG_WARN_NON_LITERAL_NULL_CONVERSION = YES;
				CLANG_WARN_OBJC_IMPLICIT_RETAIN_SELF = YES;
				CLANG_WARN_OBJC_LITERAL_CONVERSION = YES;
				CLANG_WARN_OBJC_ROOT_CLASS = YES_ERROR;
				CLANG_WARN_QUOTED_INCLUDE_IN_FRAMEWORK_HEADER = YES;
				CLANG_WARN_RANGE_LOOP_ANALYSIS = YES;
				CLANG_WARN_STRICT_PROTOTYPES = YES;
				CLANG_WARN_SUSPICIOUS_MOVE = YES;
				CLANG_WARN_UNGUARDED_AVAILABILITY = YES_AGGRESSIVE;
				CLANG_WARN_UNREACHABLE_CODE = YES;
				CLANG_WARN__DUPLICATE_METHOD_MATCH = YES;
				COPY_PHASE_STRIP = NO;
				DEBUG_INFORMATION_FORMAT = dwarf;
				DEVELOPMENT_TEAM = 6QY69PUF72;
				ENABLE_STRICT_OBJC_MSGSEND = YES;
				ENABLE_TESTABILITY = YES;
				ENABLE_USER_SCRIPT_SANDBOXING = YES;
				GCC_C_LANGUAGE_STANDARD = gnu17;
				GCC_DYNAMIC_NO_PIC = NO;
				GCC_NO_COMMON_BLOCKS = YES;
				GCC_OPTIMIZATION_LEVEL = 0;
				GCC_PREPROCESSOR_DEFINITIONS = (
					"DEBUG=1",
					"$(inherited)",
				);
				GCC_WARN_64_TO_32_BIT_CONVERSION = YES;
				GCC_WARN_ABOUT_RETURN_TYPE = YES_ERROR;
				GCC_WARN_UNDECLARED_SELECTOR = YES;
				GCC_WARN_UNINITIALIZED_AUTOS = YES_AGGRESSIVE;
				GCC_WARN_UNUSED_FUNCTION = YES;
				GCC_WARN_UNUSED_VARIABLE = YES;
				LOCALIZATION_PREFERS_STRING_CATALOGS = YES;
				MACOSX_DEPLOYMENT_TARGET = 15.5;
				MTL_ENABLE_DEBUG_INFO = INCLUDE_SOURCE;
				MTL_FAST_MATH = YES;
				ONLY_ACTIVE_ARCH = YES;
				SDKROOT = macosx;
				SWIFT_ACTIVE_COMPILATION_CONDITIONS = "DEBUG $(inherited)";
				SWIFT_OPTIMIZATION_LEVEL = "-Onone";
			};
			name = Debug;
		};
		2736CEE52EE62B9000B518D0 /* Release */ = {
			isa = XCBuildConfiguration;
			buildSettings = {
				ALWAYS_SEARCH_USER_PATHS = NO;
				ASSETCATALOG_COMPILER_GENERATE_SWIFT_ASSET_SYMBOL_EXTENSIONS = YES;
				CLANG_ANALYZER_NONNULL = YES;
				CLANG_ANALYZER_NUMBER_OBJECT_CONVERSION = YES_AGGRESSIVE;
				CLANG_CXX_LANGUAGE_STANDARD = "gnu++20";
				CLANG_ENABLE_MODULES = YES;
				CLANG_ENABLE_OBJC_ARC = YES;
				CLANG_ENABLE_OBJC_WEAK = YES;
				CLANG_WARN_BLOCK_CAPTURE_AUTORELEASING = YES;
				CLANG_WARN_BOOL_CONVERSION = YES;
				CLANG_WARN_COMMA = YES;
				CLANG_WARN_CONSTANT_CONVERSION = YES;
				CLANG_WARN_DEPRECATED_OBJC_IMPLEMENTATIONS = YES;
				CLANG_WARN_DIRECT_OBJC_ISA_USAGE = YES_ERROR;
				CLANG_WARN_DOCUMENTATION_COMMENTS = YES;
				CLANG_WARN_EMPTY_BODY = YES;
				CLANG_WARN_ENUM_CONVERSION = YES;
				CLANG_WARN_INFINITE_RECURSION = YES;
				CLANG_WARN_INT_CONVERSION = YES;
				CLANG_WARN_NON_LITERAL_NULL_CONVERSION = YES;
				CLANG_WARN_OBJC_IMPLICIT_RETAIN_SELF = YES;
				CLANG_WARN_OBJC_LITERAL_CONVERSION = YES;
				CLANG_WARN_OBJC_ROOT_CLASS = YES_ERROR;
				CLANG_WARN_QUOTED_INCLUDE_IN_FRAMEWORK_HEADER = YES;
				CLANG_WARN_RANGE_LOOP_ANALYSIS = YES;
				CLANG_WARN_STRICT_PROTOTYPES = YES;
				CLANG_WARN_SUSPICIOUS_MOVE = YES;
				CLANG_WARN_UNGUARDED_AVAILABILITY = YES_AGGRESSIVE;
				CLANG_WARN_UNREACHABLE_CODE = YES;
				CLANG_WARN__DUPLICATE_METHOD_MATCH = YES;
				COPY_PHASE_STRIP = NO;
				DEBUG_INFORMATION_FORMAT = "dwarf-with-dsym";
				DEVELOPMENT_TEAM = 6QY69PUF72;
				ENABLE_NS_ASSERTIONS = NO;
				ENABLE_STRICT_OBJC_MSGSEND = YES;
				ENABLE_USER_SCRIPT_SANDBOXING = YES;
				GCC_C_LANGUAGE_STANDARD = gnu17;
				GCC_NO_COMMON_BLOCKS = YES;
				GCC_WARN_64_TO_32_BIT_CONVERSION = YES;
				GCC_WARN_ABOUT_RETURN_TYPE = YES_ERROR;
				GCC_WARN_UNDECLARED_SELECTOR = YES;
				GCC_WARN_UNINITIALIZED_AUTOS = YES_AGGRESSIVE;
				GCC_WARN_UNUSED_FUNCTION = YES;
				GCC_WARN_UNUSED_VARIABLE = YES;
				LOCALIZATION_PREFERS_STRING_CATALOGS = YES;
				MACOSX_DEPLOYMENT_TARGET = 15.5;
				MTL_ENABLE_DEBUG_INFO = NO;
				MTL_FAST_MATH = YES;
				SDKROOT = macosx;
				SWIFT_COMPILATION_MODE = wholemodule;
			};
			name = Release;
		};
		2736CEE72EE62B9000B518D0 /* Debug */ = {
			isa = XCBuildConfiguration;
			buildSettings = {
				ASSETCATALOG_COMPILER_APPICON_NAME = AppIcon;
				ASSETCATALOG_COMPILER_GLOBAL_ACCENT_COLOR_NAME = AccentColor;
				CODE_SIGN_ENTITLEMENTS = IncomeBudgeter/IncomeBudgeter.entitlements;
				CODE_SIGN_STYLE = Automatic;
				COMBINE_HIDPI_IMAGES = YES;
				CURRENT_PROJECT_VERSION = 1;
				DEVELOPMENT_TEAM = 6QY69PUF72;
				ENABLE_APP_SANDBOX = YES;
				ENABLE_HARDENED_RUNTIME = YES;
				ENABLE_INCOMING_NETWORK_CONNECTIONS = NO;
				ENABLE_OUTGOING_NETWORK_CONNECTIONS = NO;
				ENABLE_PREVIEWS = YES;
				ENABLE_RESOURCE_ACCESS_AUDIO_INPUT = NO;
				ENABLE_RESOURCE_ACCESS_BLUETOOTH = NO;
				ENABLE_RESOURCE_ACCESS_CALENDARS = NO;
				ENABLE_RESOURCE_ACCESS_CAMERA = NO;
				ENABLE_RESOURCE_ACCESS_CONTACTS = NO;
				ENABLE_RESOURCE_ACCESS_LOCATION = NO;
				ENABLE_RESOURCE_ACCESS_PRINTING = NO;
				ENABLE_RESOURCE_ACCESS_USB = NO;
				ENABLE_USER_SELECTED_FILES = readwrite;
				GENERATE_INFOPLIST_FILE = YES;
				INFOPLIST_KEY_NSHumanReadableCopyright = "";
				LD_RUNPATH_SEARCH_PATHS = (
					"$(inherited)",
					"@executable_path/../Frameworks",
				);
				MARKETING_VERSION = 1.0;
				PRODUCT_BUNDLE_IDENTIFIER = com.joybending.IncomeBudgeter;
				PRODUCT_NAME = "$(TARGET_NAME)";
				REGISTER_APP_GROUPS = YES;
				SWIFT_EMIT_LOC_STRINGS = YES;
				SWIFT_VERSION = 5.0;
			};
			name = Debug;
		};
		2736CEE82EE62B9000B518D0 /* Release */ = {
			isa = XCBuildConfiguration;
			buildSettings = {
				ASSETCATALOG_COMPILER_APPICON_NAME = AppIcon;
				ASSETCATALOG_COMPILER_GLOBAL_ACCENT_COLOR_NAME = AccentColor;
				CODE_SIGN_ENTITLEMENTS = IncomeBudgeter/IncomeBudgeter.entitlements;
				CODE_SIGN_STYLE = Automatic;
				COMBINE_HIDPI_IMAGES = YES;
				CURRENT_PROJECT_VERSION = 1;
				DEVELOPMENT_TEAM = 6QY69PUF72;
				ENABLE_APP_SANDBOX = YES;
				ENABLE_HARDENED_RUNTIME = YES;
				ENABLE_INCOMING_NETWORK_CONNECTIONS = NO;
				ENABLE_OUTGOING_NETWORK_CONNECTIONS = NO;
				ENABLE_PREVIEWS = YES;
				ENABLE_RESOURCE_ACCESS_AUDIO_INPUT = NO;
				ENABLE_RESOURCE_ACCESS_BLUETOOTH = NO;
				ENABLE_RESOURCE_ACCESS_CALENDARS = NO;
				ENABLE_RESOURCE_ACCESS_CAMERA = NO;
				ENABLE_RESOURCE_ACCESS_CONTACTS = NO;
				ENABLE_RESOURCE_ACCESS_LOCATION = NO;
				ENABLE_RESOURCE_ACCESS_PRINTING = NO;
				ENABLE_RESOURCE_ACCESS_USB = NO;
				ENABLE_USER_SELECTED_FILES = readwrite;
				GENERATE_INFOPLIST_FILE = YES;
				INFOPLIST_KEY_NSHumanReadableCopyright = "";
				LD_RUNPATH_SEARCH_PATHS = (
					"$(inherited)",
					"@executable_path/../Frameworks",
				);
				MARKETING_VERSION = 1.0;
				PRODUCT_BUNDLE_IDENTIFIER = com.joybending.IncomeBudgeter;
				PRODUCT_NAME = "$(TARGET_NAME)";
				REGISTER_APP_GROUPS = YES;
				SWIFT_EMIT_LOC_STRINGS = YES;
				SWIFT_VERSION = 5.0;
			};
			name = Release;
		};
		2736CEEA2EE62B9000B518D0 /* Debug */ = {
			isa = XCBuildConfiguration;
			buildSettings = {
				BUNDLE_LOADER = "$(TEST_HOST)";
				CODE_SIGN_STYLE = Automatic;
				CURRENT_PROJECT_VERSION = 1;
				DEVELOPMENT_TEAM = 6QY69PUF72;
				GENERATE_INFOPLIST_FILE = YES;
				MACOSX_DEPLOYMENT_TARGET = 15.5;
				MARKETING_VERSION = 1.0;
				PRODUCT_BUNDLE_IDENTIFIER = com.joybending.IncomeBudgeterTests;
				PRODUCT_NAME = "$(TARGET_NAME)";
				SWIFT_EMIT_LOC_STRINGS = NO;
				SWIFT_VERSION = 5.0;
				TEST_HOST = "$(BUILT_PRODUCTS_DIR)/IncomeBudgeter.app/$(BUNDLE_EXECUTABLE_FOLDER_PATH)/IncomeBudgeter";
			};
			name = Debug;
		};
		2736CEEB2EE62B9000B518D0 /* Release */ = {
			isa = XCBuildConfiguration;
			buildSettings = {
				BUNDLE_LOADER = "$(TEST_HOST)";
				CODE_SIGN_STYLE = Automatic;
				CURRENT_PROJECT_VERSION = 1;
				DEVELOPMENT_TEAM = 6QY69PUF72;
				GENERATE_INFOPLIST_FILE = YES;
				MACOSX_DEPLOYMENT_TARGET = 15.5;
				MARKETING_VERSION = 1.0;
				PRODUCT_BUNDLE_IDENTIFIER = com.joybending.IncomeBudgeterTests;
				PRODUCT_NAME = "$(TARGET_NAME)";
				SWIFT_EMIT_LOC_STRINGS = NO;
				SWIFT_VERSION = 5.0;
				TEST_HOST = "$(BUILT_PRODUCTS_DIR)/IncomeBudgeter.app/$(BUNDLE_EXECUTABLE_FOLDER_PATH)/IncomeBudgeter";
			};
			name = Release;
		};
		2736CEED2EE62B9000B518D0 /* Debug */ = {
			isa = XCBuildConfiguration;
			buildSettings = {
				CODE_SIGN_STYLE = Automatic;
				CURRENT_PROJECT_VERSION = 1;
				DEVELOPMENT_TEAM = 6QY69PUF72;
				GENERATE_INFOPLIST_FILE = YES;
				MARKETING_VERSION = 1.0;
				PRODUCT_BUNDLE_IDENTIFIER = com.joybending.IncomeBudgeterUITests;
				PRODUCT_NAME = "$(TARGET_NAME)";
				SWIFT_EMIT_LOC_STRINGS = NO;
				SWIFT_VERSION = 5.0;
				TEST_TARGET_NAME = IncomeBudgeter;
			};
			name = Debug;
		};
		2736CEEE2EE62B9000B518D0 /* Release */ = {
			isa = XCBuildConfiguration;
			buildSettings = {
				CODE_SIGN_STYLE = Automatic;
				CURRENT_PROJECT_VERSION = 1;
				DEVELOPMENT_TEAM = 6QY69PUF72;
				GENERATE_INFOPLIST_FILE = YES;
				MARKETING_VERSION = 1.0;
				PRODUCT_BUNDLE_IDENTIFIER = com.joybending.IncomeBudgeterUITests;
				PRODUCT_NAME = "$(TARGET_NAME)";
				SWIFT_EMIT_LOC_STRINGS = NO;
				SWIFT_VERSION = 5.0;
				TEST_TARGET_NAME = IncomeBudgeter;
			};
			name = Release;
		};
/* End XCBuildConfiguration section */

/* Begin XCConfigurationList section */
		2736CEBF2EE62B8E00B518D0 /* Build configuration list for PBXProject "IncomeBudgeter" */ = {
			isa = XCConfigurationList;
			buildConfigurations = (
				2736CEE42EE62B9000B518D0 /* Debug */,
				2736CEE52EE62B9000B518D0 /* Release */,
			);
			defaultConfigurationIsVisible = 0;
			defaultConfigurationName = Release;
		};
		2736CEE62EE62B9000B518D0 /* Build configuration list for PBXNativeTarget "IncomeBudgeter" */ = {
			isa = XCConfigurationList;
			buildConfigurations = (
				2736CEE72EE62B9000B518D0 /* Debug */,
				2736CEE82EE62B9000B518D0 /* Release */,
			);
			defaultConfigurationIsVisible = 0;
			defaultConfigurationName = Release;
		};
		2736CEE92EE62B9000B518D0 /* Build configuration list for PBXNativeTarget "IncomeBudgeterTests" */ = {
			isa = XCConfigurationList;
			buildConfigurations = (
				2736CEEA2EE62B9000B518D0 /* Debug */,
				2736CEEB2EE62B9000B518D0 /* Release */,
			);
			defaultConfigurationIsVisible = 0;
			defaultConfigurationName = Release;
		};
		2736CEEC2EE62B9000B518D0 /* Build configuration list for PBXNativeTarget "IncomeBudgeterUITests" */ = {
			isa = XCConfigurationList;
			buildConfigurations = (
				2736CEED2EE62B9000B518D0 /* Debug */,
				2736CEEE2EE62B9000B518D0 /* Release */,
			);
			defaultConfigurationIsVisible = 0;
			defaultConfigurationName = Release;
		};
/* End XCConfigurationList section */
	};
	rootObject = 2736CEBC2EE62B8E00B518D0 /* Project object */;
}
